
Microsoft Visual Studio Solution File, Format Version 11.00
# Visual C# Express 2010
Project("{FAE04EC0-301F-11D3-BF4B-00C04F79EFBC}") = "Breaks", "Breaks\Breaks\Breaks.csproj", "{3C84B062-7F47-4291-8F92-AAF95F6D4F58}"
EndProject
Project("{96E2B04D-8817-42C6-938A-82C39BA4D311}") = "BreaksContent", "Breaks\BreaksContent\BreaksContent.contentproj", "{6C95F66A-7F4A-4329-8A07-4928DBC139F7}"
EndProject
Global
	GlobalSection(SolutionConfigurationPlatforms) = preSolution
		Debug|x86 = Debug|x86
		Release|x86 = Release|x86
	EndGlobalSection
	GlobalSection(ProjectConfigurationPlatforms) = postSolution
		{3C84B062-7F47-4291-8F92-AAF95F6D4F58}.Debug|x86.ActiveCfg = Debug|x86
		{3C84B062-7F47-4291-8F92-AAF95F6D4F58}.Debug|x86.Build.0 = Debug|x86
		{3C84B062-7F47-4291-8F92-AAF95F6D4F58}.Release|x86.ActiveCfg = Release|x86
		{3C84B062-7F47-4291-8F92-AAF95F6D4F58}.Release|x86.Build.0 = Release|x86
		{6C95F66A-7F4A-4329-8A07-4928DBC139F7}.Debug|x86.ActiveCfg = Debug|x86
		{6C95F66A-7F4A-4329-8A07-4928DBC139F7}.Release|x86.ActiveCfg = Release|x86
	EndGlobalSection
	GlobalSection(SolutionProperties) = preSolution
		HideSolutionNode = FALSE
	EndGlobalSection
EndGlobal
